{
  "lib\\ccip": {
    "tag": {
      "name": "contracts-ccip/v1.5.1-beta.2",
      "rev": "478f0e5c44d2ba578f36e351cc332c4e6c7a9daa"
    }
  },
  "lib\\forge-std": {
    "tag": {
      "name": "v1.14.0",
      "rev": "1801b0541f4fda118a10798fd3486bb7051c5dd6"
    }
  },
  "lib\\openzeppelin-contracts-upgradeable": {
    "tag": {
      "name": "v5.5.0",
      "rev": "aa677e9d28ed78fc427ec47ba2baef2030c58e7c"
    }
  },
  "lib\\openzeppelin-foundry-upgrades": {
    "tag": {
      "name": "v0.4.0",
      "rev": "cbce1e00305e943aa1661d43f41e5ac72c662b07"
    }
  },
  "lib\\v4-core": {
    "tag": {
      "name": "v4.0.0",
      "rev": "e50237c43811bd9b526eff40f26772152a42daba"
    }
  },
  "lib/v4-periphery": {
    "rev": "5da22e609fd78c01fb7ddf2a6abb1f2ec7dc2b87"
  }
}
